
Microsoft Visual Studio Solution File, Format Version 12.00
# Visual Studio Version 16
VisualStudioVersion = 16.0.29509.3
MinimumVisualStudioVersion = 10.0.40219.1
Project("{9A19103F-16F7-4668-BE54-9A1E7A4F7556}") = "Log4netUpdAppenderNetCore", "Log4netUdpAppenderNetCore\Log4netUpdAppenderNetCore.csproj", "{796F6B69-3F3E-4743-B1D1-7FCCDEFF5E9A}"
EndProject
Global
	GlobalSection(SolutionConfigurationPlatforms) = preSolution
		Debug|Any CPU = Debug|Any CPU
		Release|Any CPU = Release|Any CPU
	EndGlobalSection
	GlobalSection(ProjectConfigurationPlatforms) = postSolution
		{796F6B69-3F3E-4743-B1D1-7FCCDEFF5E9A}.Debug|Any CPU.ActiveCfg = Debug|Any CPU
		{796F6B69-3F3E-4743-B1D1-7FCCDEFF5E9A}.Debug|Any CPU.Build.0 = Debug|Any CPU
		{796F6B69-3F3E-4743-B1D1-7FCCDEFF5E9A}.Release|Any CPU.ActiveCfg = Release|Any CPU
		{796F6B69-3F3E-4743-B1D1-7FCCDEFF5E9A}.Release|Any CPU.Build.0 = Release|Any CPU
	EndGlobalSection
	GlobalSection(SolutionProperties) = preSolution
		HideSolutionNode = FALSE
	EndGlobalSection
	GlobalSection(ExtensibilityGlobals) = postSolution
		SolutionGuid = {99960043-25B9-4C66-84AF-410DE983679F}
	EndGlobalSection
EndGlobal
